// !$*UTF8*$!
{
	archiveVersion = 1;
	classes = {
	};
	objectVersion = 50;
	objects = {

/* Begin PBXBuildFile section */
		2CE3B6B4228C1ACC00AD5C5D /* AppDelegate.swift in Sources */ = {isa = PBXBuildFile; fileRef = 2CE3B6B3228C1ACC00AD5C5D /* AppDelegate.swift */; };
		2CE3B6B6228C1ACC00AD5C5D /* ViewController.swift in Sources */ = {isa = PBXBuildFile; fileRef = 2CE3B6B5228C1ACC00AD5C5D /* ViewController.swift */; };
		2CE3B6B9228C1ACC00AD5C5D /* Main.storyboard in Resources */ = {isa = PBXBuildFile; fileRef = 2CE3B6B7228C1ACC00AD5C5D /* Main.storyboard */; };
		2CE3B6BB228C1ACF00AD5C5D /* Assets.xcassets in Resources */ = {isa = PBXBuildFile; fileRef = 2CE3B6BA228C1ACF00AD5C5D /* Assets.xcassets */; };
		2CE3B6BE228C1ACF00AD5C5D /* LaunchScreen.storyboard in Resources */ = {isa = PBXBuildFile; fileRef = 2CE3B6BC228C1ACF00AD5C5D /* LaunchScreen.storyboard */; };
		D3FED47ADC684E41AC36814D /* Pods_space_repro.framework in Frameworks */ = {isa = PBXBuildFile; fileRef = 4AB4C9E5E2B49B2D6B0BD61E /* Pods_space_repro.framework */; };
/* End PBXBuildFile section */

/* Begin PBXFileReference section */
		2CE3B6B0228C1ACC00AD5C5D /* space repro.app */ = {isa = PBXFileReference; explicitFileType = wrapper.application; includeInIndex = 0; path = "space repro.app"; sourceTree = BUILT_PRODUCTS_DIR; };
		2CE3B6B3228C1ACC00AD5C5D /* AppDelegate.swift */ = {isa = PBXFileReference; lastKnownFileType = sourcecode.swift; path = AppDelegate.swift; sourceTree = "<group>"; };
		2CE3B6B5228C1ACC00AD5C5D /* ViewController.swift */ = {isa = PBXFileReference; lastKnownFileType = sourcecode.swift; path = ViewController.swift; sourceTree = "<group>"; };
		2CE3B6B8228C1ACC00AD5C5D /* Base */ = {isa = PBXFileReference; lastKnownFileType = file.storyboard; name = Base; path = Base.lproj/Main.storyboard; sourceTree = "<group>"; };
		2CE3B6BA228C1ACF00AD5C5D /* Assets.xcassets */ = {isa = PBXFileReference; lastKnownFileType = folder.assetcatalog; path = Assets.xcassets; sourceTree = "<group>"; };
		2CE3B6BD228C1ACF00AD5C5D /* Base */ = {isa = PBXFileReference; lastKnownFileType = file.storyboard; name = Base; path = Base.lproj/LaunchScreen.storyboard; sourceTree = "<group>"; };
		2CE3B6BF228C1ACF00AD5C5D /* Info.plist */ = {isa = PBXFileReference; lastKnownFileType = text.plist.xml; path = Info.plist; sourceTree = "<group>"; };
		4AB4C9E5E2B49B2D6B0BD61E /* Pods_space_repro.framework */ = {isa = PBXFileReference; explicitFileType = wrapper.framework; includeInIndex = 0; path = Pods_space_repro.framework; sourceTree = BUILT_PRODUCTS_DIR; };
		4C03BFF449689B92DAAE8B29 /* Pods-space repro.release.xcconfig */ = {isa = PBXFileReference; includeInIndex = 1; lastKnownFileType = text.xcconfig; name = "Pods-space repro.release.xcconfig"; path = "Target Support Files/Pods-space repro/Pods-space repro.release.xcconfig"; sourceTree = "<group>"; };
		BDB8DA1229D816B7D936A17A /* Pods-space repro.debug.xcconfig */ = {isa = PBXFileReference; includeInIndex = 1; lastKnownFileType = text.xcconfig; name = "Pods-space repro.debug.xcconfig"; path = "Target Support Files/Pods-space repro/Pods-space repro.debug.xcconfig"; sourceTree = "<group>"; };
/* End PBXFileReference section */

/* Begin PBXFrameworksBuildPhase section */
		2CE3B6AD228C1ACC00AD5C5D /* Frameworks */ = {
			isa = PBXFrameworksBuildPhase;
			buildActionMask = 2147483647;
			files = (
				D3FED47ADC684E41AC36814D /* Pods_space_repro.framework in Frameworks */,
			);
			runOnlyForDeploymentPostprocessing = 0;
		};
/* End PBXFrameworksBuildPhase section */

/* Begin PBXGroup section */
		2CE3B6A7228C1ACC00AD5C5D = {
			isa = PBXGroup;
			children = (
				2CE3B6B2228C1ACC00AD5C5D /* space repro */,
				2CE3B6B1228C1ACC00AD5C5D /* Products */,
				47547963D5A17D0BA8D847B0 /* Pods */,
				E1BC956F0B06B4C2BF4C9A3A /* Frameworks */,
			);
			sourceTree = "<group>";
		};
		2CE3B6B1228C1ACC00AD5C5D /* Products */ = {
			isa = PBXGroup;
			children = (
				2CE3B6B0228C1ACC00AD5C5D /* space repro.app */,
			);
			name = Products;
			sourceTree = "<group>";
		};
		2CE3B6B2228C1ACC00AD5C5D /* space repro */ = {
			isa = PBXGroup;
			children = (
				2CE3B6B3228C1ACC00AD5C5D /* AppDelegate.swift */,
				2CE3B6B5228C1ACC00AD5C5D /* ViewController.swift */,
				2CE3B6B7228C1ACC00AD5C5D /* Main.storyboard */,
				2CE3B6BA228C1ACF00AD5C5D /* Assets.xcassets */,
				2CE3B6BC228C1ACF00AD5C5D /* LaunchScreen.storyboard */,
				2CE3B6BF228C1ACF00AD5C5D /* Info.plist */,
			);
			path = "space repro";
			sourceTree = "<group>";
		};
		47547963D5A17D0BA8D847B0 /* Pods */ = {
			isa = PBXGroup;
			children = (
				BDB8DA1229D816B7D936A17A /* Pods-space repro.debug.xcconfig */,
				4C03BFF449689B92DAAE8B29 /* Pods-space repro.release.xcconfig */,
			);
			name = Pods;
			path = Pods;
			sourceTree = "<group>";
		};
		E1BC956F0B06B4C2BF4C9A3A /* Frameworks */ = {
			isa = PBXGroup;
			children = (
				4AB4C9E5E2B49B2D6B0BD61E /* Pods_space_repro.framework */,
			);
			name = Frameworks;
			sourceTree = "<group>";
		};
/* End PBXGroup section */

/* Begin PBXNativeTarget section */
		2CE3B6AF228C1ACC00AD5C5D /* space repro */ = {
			isa = PBXNativeTarget;
			buildConfigurationList = 2CE3B6C2228C1ACF00AD5C5D /* Build configuration list for PBXNativeTarget "space repro" */;
			buildPhases = (
				0DEABE2A27E33B5855112DD3 /* [CP] Check Pods Manifest.lock */,
				2CE3B6AC228C1ACC00AD5C5D /* Sources */,
				2CE3B6AD228C1ACC00AD5C5D /* Frameworks */,
				2CE3B6AE228C1ACC00AD5C5D /* Resources */,
				EF84AA647C32558F3D929809 /* [CP] Embed Pods Frameworks */,
				C44C8C0039FCDDB8877C860C /* [CP] Copy Pods Resources */,
			);
			buildRules = (
			);
			dependencies = (
			);
			name = "space repro";
			productName = "space repro";
			productReference = 2CE3B6B0228C1ACC00AD5C5D /* space repro.app */;
			productType = "com.apple.product-type.application";
		};
/* End PBXNativeTarget section */

/* Begin PBXProject section */
		2CE3B6A8228C1ACC00AD5C5D /* Project object */ = {
			isa = PBXProject;
			attributes = {
				LastSwiftUpdateCheck = 1020;
				LastUpgradeCheck = 1020;
				ORGANIZATIONNAME = jetbrains;
				TargetAttributes = {
					2CE3B6AF228C1ACC00AD5C5D = {
						CreatedOnToolsVersion = 10.2.1;
					};
				};
			};
			buildConfigurationList = 2CE3B6AB228C1ACC00AD5C5D /* Build configuration list for PBXProject "space repro" */;
			compatibilityVersion = "Xcode 9.3";
			developmentRegion = en;
			hasScannedForEncodings = 0;
			knownRegions = (
				en,
				Base,
			);
			mainGroup = 2CE3B6A7228C1ACC00AD5C5D;
			productRefGroup = 2CE3B6B1228C1ACC00AD5C5D /* Products */;
			projectDirPath = "";
			projectRoot = "";
			targets = (
				2CE3B6AF228C1ACC00AD5C5D /* space repro */,
			);
		};
/* End PBXProject section */

/* Begin PBXResourcesBuildPhase section */
		2CE3B6AE228C1ACC00AD5C5D /* Resources */ = {
			isa = PBXResourcesBuildPhase;
			buildActionMask = 2147483647;
			files = (
				2CE3B6BE228C1ACF00AD5C5D /* LaunchScreen.storyboard in Resources */,
				2CE3B6BB228C1ACF00AD5C5D /* Assets.xcassets in Resources */,
				2CE3B6B9228C1ACC00AD5C5D /* Main.storyboard in Resources */,
			);
			runOnlyForDeploymentPostprocessing = 0;
		};
/* End PBXResourcesBuildPhase section */

/* Begin PBXShellScriptBuildPhase section */
		0DEABE2A27E33B5855112DD3 /* [CP] Check Pods Manifest.lock */ = {
			isa = PBXShellScriptBuildPhase;
			buildActionMask = 2147483647;
			files = (
			);
			inputFileListPaths = (
			);
			inputPaths = (
				"${PODS_PODFILE_DIR_PATH}/Podfile.lock",
				"${PODS_ROOT}/Manifest.lock",
			);
			name = "[CP] Check Pods Manifest.lock";
			outputFileListPaths = (
			);
			outputPaths = (
				"$(DERIVED_FILE_DIR)/Pods-space repro-checkManifestLockResult.txt",
			);
			runOnlyForDeploymentPostprocessing = 0;
			shellPath = /bin/sh;
			shellScript = "diff \"${PODS_PODFILE_DIR_PATH}/Podfile.lock\" \"${PODS_ROOT}/Manifest.lock\" > /dev/null\nif [ $? != 0 ] ; then\n    # print error to STDERR\n    echo \"error: The sandbox is not in sync with the Podfile.lock. Run 'pod install' or update your CocoaPods installation.\" >&2\n    exit 1\nfi\n# This output is used by Xcode 'outputs' to avoid re-running this script phase.\necho \"SUCCESS\" > \"${SCRIPT_OUTPUT_FILE_0}\"\n";
			showEnvVarsInLog = 0;
		};
		C44C8C0039FCDDB8877C860C /* [CP] Copy Pods Resources */ = {
			isa = PBXShellScriptBuildPhase;
			buildActionMask = 2147483647;
			files = (
			);
			inputFileListPaths = (
			);
			inputPaths = (
				"${PODS_ROOT}/Target Support Files/Pods-space repro/Pods-space repro-resources.sh",
				"${PODS_CONFIGURATION_BUILD_DIR}/FirebaseInAppMessagingDisplay/InAppMessagingDisplayResources.bundle",
			);
			name = "[CP] Copy Pods Resources";
			outputFileListPaths = (
			);
			outputPaths = (
				"${TARGET_BUILD_DIR}/${UNLOCALIZED_RESOURCES_FOLDER_PATH}/InAppMessagingDisplayResources.bundle",
			);
			runOnlyForDeploymentPostprocessing = 0;
			shellPath = /bin/sh;
			shellScript = "\"${PODS_ROOT}/Target Support Files/Pods-space repro/Pods-space repro-resources.sh\"\n";
			showEnvVarsInLog = 0;
		};
		EF84AA647C32558F3D929809 /* [CP] Embed Pods Frameworks */ = {
			isa = PBXShellScriptBuildPhase;
			buildActionMask = 2147483647;
			files = (
			);
			inputFileListPaths = (
			);
			inputPaths = (
				"${PODS_ROOT}/Target Support Files/Pods-space repro/Pods-space repro-frameworks.sh",
				"${BUILT_PRODUCTS_DIR}/GoogleUtilities/GoogleUtilities.framework",
				"${BUILT_PRODUCTS_DIR}/nanopb/nanopb.framework",
			);
			name = "[CP] Embed Pods Frameworks";
			outputFileListPaths = (
			);
			outputPaths = (
				"${TARGET_BUILD_DIR}/${FRAMEWORKS_FOLDER_PATH}/GoogleUtilities.framework",
				"${TARGET_BUILD_DIR}/${FRAMEWORKS_FOLDER_PATH}/nanopb.framework",
			);
			runOnlyForDeploymentPostprocessing = 0;
			shellPath = /bin/sh;
			shellScript = "\"${PODS_ROOT}/Target Support Files/Pods-space repro/Pods-space repro-frameworks.sh\"\n";
			showEnvVarsInLog = 0;
		};
/* End PBXShellScriptBuildPhase section */

/* Begin PBXSourcesBuildPhase section */
		2CE3B6AC228C1ACC00AD5C5D /* Sources */ = {
			isa = PBXSourcesBuildPhase;
			buildActionMask = 2147483647;
			files = (
				2CE3B6B6228C1ACC00AD5C5D /* ViewController.swift in Sources */,
				2CE3B6B4228C1ACC00AD5C5D /* AppDelegate.swift in Sources */,
			);
			runOnlyForDeploymentPostprocessing = 0;
		};
/* End PBXSourcesBuildPhase section */

/* Begin PBXVariantGroup section */
		2CE3B6B7228C1ACC00AD5C5D /* Main.storyboard */ = {
			isa = PBXVariantGroup;
			children = (
				2CE3B6B8228C1ACC00AD5C5D /* Base */,
			);
			name = Main.storyboard;
			sourceTree = "<group>";
		};
		2CE3B6BC228C1ACF00AD5C5D /* LaunchScreen.storyboard */ = {
			isa = PBXVariantGroup;
			children = (
				2CE3B6BD228C1ACF00AD5C5D /* Base */,
			);
			name = LaunchScreen.storyboard;
			sourceTree = "<group>";
		};
/* End PBXVariantGroup section */

/* Begin XCBuildConfiguration section */
		2CE3B6C0228C1ACF00AD5C5D /* Debug */ = {
			isa = XCBuildConfiguration;
			buildSettings = {
				ALWAYS_SEARCH_USER_PATHS = NO;
				CLANG_ANALYZER_NONNULL = YES;
				CLANG_ANALYZER_NUMBER_OBJECT_CONVERSION = YES_AGGRESSIVE;
				CLANG_CXX_LANGUAGE_STANDARD = "gnu++14";
				CLANG_CXX_LIBRARY = "libc++";
				CLANG_ENABLE_MODULES = YES;
				CLANG_ENABLE_OBJC_ARC = YES;
				CLANG_ENABLE_OBJC_WEAK = YES;
				CLANG_WARN_BLOCK_CAPTURE_AUTORELEASING = YES;
				CLANG_WARN_BOOL_CONVERSION = YES;
				CLANG_WARN_COMMA = YES;
				CLANG_WARN_CONSTANT_CONVERSION = YES;
				CLANG_WARN_DEPRECATED_OBJC_IMPLEMENTATIONS = YES;
				CLANG_WARN_DIRECT_OBJC_ISA_USAGE = YES_ERROR;
				CLANG_WARN_DOCUMENTATION_COMMENTS = YES;
				CLANG_WARN_EMPTY_BODY = YES;
				CLANG_WARN_ENUM_CONVERSION = YES;
				CLANG_WARN_INFINITE_RECURSION = YES;
				CLANG_WARN_INT_CONVERSION = YES;
				CLANG_WARN_NON_LITERAL_NULL_CONVERSION = YES;
				CLANG_WARN_OBJC_IMPLICIT_RETAIN_SELF = YES;
				CLANG_WARN_OBJC_LITERAL_CONVERSION = YES;
				CLANG_WARN_OBJC_ROOT_CLASS = YES_ERROR;
				CLANG_WARN_RANGE_LOOP_ANALYSIS = YES;
				CLANG_WARN_STRICT_PROTOTYPES = YES;
				CLANG_WARN_SUSPICIOUS_MOVE = YES;
				CLANG_WARN_UNGUARDED_AVAILABILITY = YES_AGGRESSIVE;
				CLANG_WARN_UNREACHABLE_CODE = YES;
				CLANG_WARN__DUPLICATE_METHOD_MATCH = YES;
				CODE_SIGN_IDENTITY = "iPhone Developer";
				COPY_PHASE_STRIP = NO;
				DEBUG_INFORMATION_FORMAT = dwarf;
				ENABLE_STRICT_OBJC_MSGSEND = YES;
				ENABLE_TESTABILITY = YES;
				GCC_C_LANGUAGE_STANDARD = gnu11;
				GCC_DYNAMIC_NO_PIC = NO;
				GCC_NO_COMMON_BLOCKS = YES;
				GCC_OPTIMIZATION_LEVEL = 0;
				GCC_PREPROCESSOR_DEFINITIONS = (
					"DEBUG=1",
					"$(inherited)",
				);
				GCC_WARN_64_TO_32_BIT_CONVERSION = YES;
				GCC_WARN_ABOUT_RETURN_TYPE = YES_ERROR;
				GCC_WARN_UNDECLARED_SELECTOR = YES;
				GCC_WARN_UNINITIALIZED_AUTOS = YES_AGGRESSIVE;
				GCC_WARN_UNUSED_FUNCTION = YES;
				GCC_WARN_UNUSED_VARIABLE = YES;
				IPHONEOS_DEPLOYMENT_TARGET = 12.2;
				MTL_ENABLE_DEBUG_INFO = INCLUDE_SOURCE;
				MTL_FAST_MATH = YES;
				ONLY_ACTIVE_ARCH = YES;
				SDKROOT = iphoneos;
				SWIFT_ACTIVE_COMPILATION_CONDITIONS = DEBUG;
				SWIFT_OPTIMIZATION_LEVEL = "-Onone";
			};
			name = Debug;
		};
		2CE3B6C1228C1ACF00AD5C5D /* Release */ = {
			isa = XCBuildConfiguration;
			buildSettings = {
				ALWAYS_SEARCH_USER_PATHS = NO;
				CLANG_ANALYZER_NONNULL = YES;
				CLANG_ANALYZER_NUMBER_OBJECT_CONVERSION = YES_AGGRESSIVE;
				CLANG_CXX_LANGUAGE_STANDARD = "gnu++14";
				CLANG_CXX_LIBRARY = "libc++";
				CLANG_ENABLE_MODULES = YES;
				CLANG_ENABLE_OBJC_ARC = YES;
				CLANG_ENABLE_OBJC_WEAK = YES;
				CLANG_WARN_BLOCK_CAPTURE_AUTORELEASING = YES;
				CLANG_WARN_BOOL_CONVERSION = YES;
				CLANG_WARN_COMMA = YES;
				CLANG_WARN_CONSTANT_CONVERSION = YES;
				CLANG_WARN_DEPRECATED_OBJC_IMPLEMENTATIONS = YES;
				CLANG_WARN_DIRECT_OBJC_ISA_USAGE = YES_ERROR;
				CLANG_WARN_DOCUMENTATION_COMMENTS = YES;
				CLANG_WARN_EMPTY_BODY = YES;
				CLANG_WARN_ENUM_CONVERSION = YES;
				CLANG_WARN_INFINITE_RECURSION = YES;
				CLANG_WARN_INT_CONVERSION = YES;
				CLANG_WARN_NON_LITERAL_NULL_CONVERSION = YES;
				CLANG_WARN_OBJC_IMPLICIT_RETAIN_SELF = YES;
				CLANG_WARN_OBJC_LITERAL_CONVERSION = YES;
				CLANG_WARN_OBJC_ROOT_CLASS = YES_ERROR;
				CLANG_WARN_RANGE_LOOP_ANALYSIS = YES;
				CLANG_WARN_STRICT_PROTOTYPES = YES;
				CLANG_WARN_SUSPICIOUS_MOVE = YES;
				CLANG_WARN_UNGUARDED_AVAILABILITY = YES_AGGRESSIVE;
				CLANG_WARN_UNREACHABLE_CODE = YES;
				CLANG_WARN__DUPLICATE_METHOD_MATCH = YES;
				CODE_SIGN_IDENTITY = "iPhone Developer";
				COPY_PHASE_STRIP = NO;
				DEBUG_INFORMATION_FORMAT = "dwarf-with-dsym";
				ENABLE_NS_ASSERTIONS = NO;
				ENABLE_STRICT_OBJC_MSGSEND = YES;
				GCC_C_LANGUAGE_STANDARD = gnu11;
				GCC_NO_COMMON_BLOCKS = YES;
				GCC_WARN_64_TO_32_BIT_CONVERSION = YES;
				GCC_WARN_ABOUT_RETURN_TYPE = YES_ERROR;
				GCC_WARN_UNDECLARED_SELECTOR = YES;
				GCC_WARN_UNINITIALIZED_AUTOS = YES_AGGRESSIVE;
				GCC_WARN_UNUSED_FUNCTION = YES;
				GCC_WARN_UNUSED_VARIABLE = YES;
				IPHONEOS_DEPLOYMENT_TARGET = 12.2;
				MTL_ENABLE_DEBUG_INFO = NO;
				MTL_FAST_MATH = YES;
				SDKROOT = iphoneos;
				SWIFT_COMPILATION_MODE = wholemodule;
				SWIFT_OPTIMIZATION_LEVEL = "-O";
				VALIDATE_PRODUCT = YES;
			};
			name = Release;
		};
		2CE3B6C3228C1ACF00AD5C5D /* Debug */ = {
			isa = XCBuildConfiguration;
			baseConfigurationReference = BDB8DA1229D816B7D936A17A /* Pods-space repro.debug.xcconfig */;
			buildSettings = {
				ASSETCATALOG_COMPILER_APPICON_NAME = AppIcon;
				CODE_SIGN_STYLE = Automatic;
				DEVELOPMENT_TEAM = Q4GRRY8XYQ;
				INFOPLIST_FILE = "space repro/Info.plist";
				LD_RUNPATH_SEARCH_PATHS = (
					"$(inherited)",
					"@executable_path/Frameworks",
				);
				PRODUCT_BUNDLE_IDENTIFIER = "org.jetbrains.konan.space-repro";
				PRODUCT_NAME = "$(TARGET_NAME)";
				SWIFT_VERSION = 5.0;
				TARGETED_DEVICE_FAMILY = "1,2";
			};
			name = Debug;
		};
		2CE3B6C4228C1ACF00AD5C5D /* Release */ = {
			isa = XCBuildConfiguration;
			baseConfigurationReference = 4C03BFF449689B92DAAE8B29 /* Pods-space repro.release.xcconfig */;
			buildSettings = {
				ASSETCATALOG_COMPILER_APPICON_NAME = AppIcon;
				CODE_SIGN_STYLE = Automatic;
				DEVELOPMENT_TEAM = Q4GRRY8XYQ;
				INFOPLIST_FILE = "space repro/Info.plist";
				LD_RUNPATH_SEARCH_PATHS = (
					"$(inherited)",
					"@executable_path/Frameworks",
				);
				PRODUCT_BUNDLE_IDENTIFIER = "org.jetbrains.konan.space-repro";
				PRODUCT_NAME = "$(TARGET_NAME)";
				SWIFT_VERSION = 5.0;
				TARGETED_DEVICE_FAMILY = "1,2";
			};
			name = Release;
		};
/* End XCBuildConfiguration section */

/* Begin XCConfigurationList section */
		2CE3B6AB228C1ACC00AD5C5D /* Build configuration list for PBXProject "space repro" */ = {
			isa = XCConfigurationList;
			buildConfigurations = (
				2CE3B6C0228C1ACF00AD5C5D /* Debug */,
				2CE3B6C1228C1ACF00AD5C5D /* Release */,
			);
			defaultConfigurationIsVisible = 0;
			defaultConfigurationName = Release;
		};
		2CE3B6C2228C1ACF00AD5C5D /* Build configuration list for PBXNativeTarget "space repro" */ = {
			isa = XCConfigurationList;
			buildConfigurations = (
				2CE3B6C3228C1ACF00AD5C5D /* Debug */,
				2CE3B6C4228C1ACF00AD5C5D /* Release */,
			);
			defaultConfigurationIsVisible = 0;
			defaultConfigurationName = Release;
		};
/* End XCConfigurationList section */
	};
	rootObject = 2CE3B6A8228C1ACC00AD5C5D /* Project object */;
}
